// !$*UTF8*$!
{
	archiveVersion = 1;
	classes = {
	};
	objectVersion = 55;
	objects = {

/* Begin PBXBuildFile section */
		0B6DC8DE495FC6F8EBE758DD /* Pods_Movies.framework in Frameworks */ = {isa = PBXBuildFile; fileRef = E3C5789044F17B38C415DB2D /* Pods_Movies.framework */; };
		ABCD29819AD6B890F4A556A6 /* Pods_MoviesTests.framework in Frameworks */ = {isa = PBXBuildFile; fileRef = 7A2C16152DD786B02B6026E7 /* Pods_MoviesTests.framework */; };
		D16A18A727BF63FE00CAD657 /* AppDelegate.swift in Sources */ = {isa = PBXBuildFile; fileRef = D16A18A627BF63FE00CAD657 /* AppDelegate.swift */; };
		D16A18A927BF63FE00CAD657 /* SceneDelegate.swift in Sources */ = {isa = PBXBuildFile; fileRef = D16A18A827BF63FE00CAD657 /* SceneDelegate.swift */; };
		D16A18AB27BF63FE00CAD657 /* MoviesViewController.swift in Sources */ = {isa = PBXBuildFile; fileRef = D16A18AA27BF63FE00CAD657 /* MoviesViewController.swift */; };
		D16A18AE27BF63FE00CAD657 /* Main.storyboard in Resources */ = {isa = PBXBuildFile; fileRef = D16A18AC27BF63FE00CAD657 /* Main.storyboard */; };
		D16A18B027BF640100CAD657 /* Assets.xcassets in Resources */ = {isa = PBXBuildFile; fileRef = D16A18AF27BF640100CAD657 /* Assets.xcassets */; };
		D16A18B327BF640100CAD657 /* LaunchScreen.storyboard in Resources */ = {isa = PBXBuildFile; fileRef = D16A18B127BF640100CAD657 /* LaunchScreen.storyboard */; };
		D16A18BE27BF640100CAD657 /* MoviesTests.swift in Sources */ = {isa = PBXBuildFile; fileRef = D16A18BD27BF640100CAD657 /* MoviesTests.swift */; };
		D16A18C827BF640200CAD657 /* MoviesUITests.swift in Sources */ = {isa = PBXBuildFile; fileRef = D16A18C727BF640200CAD657 /* MoviesUITests.swift */; };
		D16A18CA27BF640200CAD657 /* MoviesUITestsLaunchTests.swift in Sources */ = {isa = PBXBuildFile; fileRef = D16A18C927BF640200CAD657 /* MoviesUITestsLaunchTests.swift */; };
		D16A18DB27BF731000CAD657 /* MovieCell.swift in Sources */ = {isa = PBXBuildFile; fileRef = D16A18DA27BF731000CAD657 /* MovieCell.swift */; };
		D16A18DE27BF775800CAD657 /* AlamofireImage in Frameworks */ = {isa = PBXBuildFile; productRef = D16A18DD27BF775800CAD657 /* AlamofireImage */; };
		D16A18E027BF7D9600CAD657 /* MoviesDetailsViewController.swift in Sources */ = {isa = PBXBuildFile; fileRef = D16A18DF27BF7D9600CAD657 /* MoviesDetailsViewController.swift */; };
		EC65A0B95370B77021478D84 /* Pods_Movies_MoviesUITests.framework in Frameworks */ = {isa = PBXBuildFile; fileRef = 55B6D71EA97AE3DBE0942723 /* Pods_Movies_MoviesUITests.framework */; };
/* End PBXBuildFile section */

/* Begin PBXContainerItemProxy section */
		D16A18BA27BF640100CAD657 /* PBXContainerItemProxy */ = {
			isa = PBXContainerItemProxy;
			containerPortal = D16A189B27BF63FE00CAD657 /* Project object */;
			proxyType = 1;
			remoteGlobalIDString = D16A18A227BF63FE00CAD657;
			remoteInfo = Movies;
		};
		D16A18C427BF640100CAD657 /* PBXContainerItemProxy */ = {
			isa = PBXContainerItemProxy;
			containerPortal = D16A189B27BF63FE00CAD657 /* Project object */;
			proxyType = 1;
			remoteGlobalIDString = D16A18A227BF63FE00CAD657;
			remoteInfo = Movies;
		};
/* End PBXContainerItemProxy section */

/* Begin PBXFileReference section */
		2F9CF4BD856D306416B05969 /* Pods-Movies.debug.xcconfig */ = {isa = PBXFileReference; includeInIndex = 1; lastKnownFileType = text.xcconfig; name = "Pods-Movies.debug.xcconfig"; path = "Target Support Files/Pods-Movies/Pods-Movies.debug.xcconfig"; sourceTree = "<group>"; };
		55B6D71EA97AE3DBE0942723 /* Pods_Movies_MoviesUITests.framework */ = {isa = PBXFileReference; explicitFileType = wrapper.framework; includeInIndex = 0; path = Pods_Movies_MoviesUITests.framework; sourceTree = BUILT_PRODUCTS_DIR; };
		60EC41478D2C7E85EE19D0E8 /* Pods-MoviesTests.debug.xcconfig */ = {isa = PBXFileReference; includeInIndex = 1; lastKnownFileType = text.xcconfig; name = "Pods-MoviesTests.debug.xcconfig"; path = "Target Support Files/Pods-MoviesTests/Pods-MoviesTests.debug.xcconfig"; sourceTree = "<group>"; };
		61883AE5A241923DCBC6E8F0 /* Pods-MoviesTests.release.xcconfig */ = {isa = PBXFileReference; includeInIndex = 1; lastKnownFileType = text.xcconfig; name = "Pods-MoviesTests.release.xcconfig"; path = "Target Support Files/Pods-MoviesTests/Pods-MoviesTests.release.xcconfig"; sourceTree = "<group>"; };
		6C7A5325D3C593D5196D8B3E /* Pods-Movies.release.xcconfig */ = {isa = PBXFileReference; includeInIndex = 1; lastKnownFileType = text.xcconfig; name = "Pods-Movies.release.xcconfig"; path = "Target Support Files/Pods-Movies/Pods-Movies.release.xcconfig"; sourceTree = "<group>"; };
		7088C414C81EA6C079934D26 /* Pods-Movies-MoviesUITests.release.xcconfig */ = {isa = PBXFileReference; includeInIndex = 1; lastKnownFileType = text.xcconfig; name = "Pods-Movies-MoviesUITests.release.xcconfig"; path = "Target Support Files/Pods-Movies-MoviesUITests/Pods-Movies-MoviesUITests.release.xcconfig"; sourceTree = "<group>"; };
		7A2C16152DD786B02B6026E7 /* Pods_MoviesTests.framework */ = {isa = PBXFileReference; explicitFileType = wrapper.framework; includeInIndex = 0; path = Pods_MoviesTests.framework; sourceTree = BUILT_PRODUCTS_DIR; };
		B6EBED5BE313A41E988BEEFB /* Pods-Movies-MoviesUITests.debug.xcconfig */ = {isa = PBXFileReference; includeInIndex = 1; lastKnownFileType = text.xcconfig; name = "Pods-Movies-MoviesUITests.debug.xcconfig"; path = "Target Support Files/Pods-Movies-MoviesUITests/Pods-Movies-MoviesUITests.debug.xcconfig"; sourceTree = "<group>"; };
		D16A18A327BF63FE00CAD657 /* Movies.app */ = {isa = PBXFileReference; explicitFileType = wrapper.application; includeInIndex = 0; path = Movies.app; sourceTree = BUILT_PRODUCTS_DIR; };
		D16A18A627BF63FE00CAD657 /* AppDelegate.swift */ = {isa = PBXFileReference; lastKnownFileType = sourcecode.swift; path = AppDelegate.swift; sourceTree = "<group>"; };
		D16A18A827BF63FE00CAD657 /* SceneDelegate.swift */ = {isa = PBXFileReference; lastKnownFileType = sourcecode.swift; path = SceneDelegate.swift; sourceTree = "<group>"; };
		D16A18AA27BF63FE00CAD657 /* MoviesViewController.swift */ = {isa = PBXFileReference; lastKnownFileType = sourcecode.swift; path = MoviesViewController.swift; sourceTree = "<group>"; };
		D16A18AD27BF63FE00CAD657 /* Base */ = {isa = PBXFileReference; lastKnownFileType = file.storyboard; name = Base; path = Base.lproj/Main.storyboard; sourceTree = "<group>"; };
		D16A18AF27BF640100CAD657 /* Assets.xcassets */ = {isa = PBXFileReference; lastKnownFileType = folder.assetcatalog; path = Assets.xcassets; sourceTree = "<group>"; };
		D16A18B227BF640100CAD657 /* Base */ = {isa = PBXFileReference; lastKnownFileType = file.storyboard; name = Base; path = Base.lproj/LaunchScreen.storyboard; sourceTree = "<group>"; };
		D16A18B427BF640100CAD657 /* Info.plist */ = {isa = PBXFileReference; lastKnownFileType = text.plist.xml; path = Info.plist; sourceTree = "<group>"; };
		D16A18B927BF640100CAD657 /* MoviesTests.xctest */ = {isa = PBXFileReference; explicitFileType = wrapper.cfbundle; includeInIndex = 0; path = MoviesTests.xctest; sourceTree = BUILT_PRODUCTS_DIR; };
		D16A18BD27BF640100CAD657 /* MoviesTests.swift */ = {isa = PBXFileReference; lastKnownFileType = sourcecode.swift; path = MoviesTests.swift; sourceTree = "<group>"; };
		D16A18C327BF640100CAD657 /* MoviesUITests.xctest */ = {isa = PBXFileReference; explicitFileType = wrapper.cfbundle; includeInIndex = 0; path = MoviesUITests.xctest; sourceTree = BUILT_PRODUCTS_DIR; };
		D16A18C727BF640200CAD657 /* MoviesUITests.swift */ = {isa = PBXFileReference; lastKnownFileType = sourcecode.swift; path = MoviesUITests.swift; sourceTree = "<group>"; };
		D16A18C927BF640200CAD657 /* MoviesUITestsLaunchTests.swift */ = {isa = PBXFileReference; lastKnownFileType = sourcecode.swift; path = MoviesUITestsLaunchTests.swift; sourceTree = "<group>"; };
		D16A18DA27BF731000CAD657 /* MovieCell.swift */ = {isa = PBXFileReference; lastKnownFileType = sourcecode.swift; path = MovieCell.swift; sourceTree = "<group>"; };
		D16A18DF27BF7D9600CAD657 /* MoviesDetailsViewController.swift */ = {isa = PBXFileReference; lastKnownFileType = sourcecode.swift; path = MoviesDetailsViewController.swift; sourceTree = "<group>"; };
		E3C5789044F17B38C415DB2D /* Pods_Movies.framework */ = {isa = PBXFileReference; explicitFileType = wrapper.framework; includeInIndex = 0; path = Pods_Movies.framework; sourceTree = BUILT_PRODUCTS_DIR; };
/* End PBXFileReference section */

/* Begin PBXFrameworksBuildPhase section */
		D16A18A027BF63FE00CAD657 /* Frameworks */ = {
			isa = PBXFrameworksBuildPhase;
			buildActionMask = 2147483647;
			files = (
				D16A18DE27BF775800CAD657 /* AlamofireImage in Frameworks */,
				0B6DC8DE495FC6F8EBE758DD /* Pods_Movies.framework in Frameworks */,
			);
			runOnlyForDeploymentPostprocessing = 0;
		};
		D16A18B627BF640100CAD657 /* Frameworks */ = {
			isa = PBXFrameworksBuildPhase;
			buildActionMask = 2147483647;
			files = (
				ABCD29819AD6B890F4A556A6 /* Pods_MoviesTests.framework in Frameworks */,
			);
			runOnlyForDeploymentPostprocessing = 0;
		};
		D16A18C027BF640100CAD657 /* Frameworks */ = {
			isa = PBXFrameworksBuildPhase;
			buildActionMask = 2147483647;
			files = (
				EC65A0B95370B77021478D84 /* Pods_Movies_MoviesUITests.framework in Frameworks */,
			);
			runOnlyForDeploymentPostprocessing = 0;
		};
/* End PBXFrameworksBuildPhase section */

/* Begin PBXGroup section */
		CE209164318C767F8FBC5566 /* Frameworks */ = {
			isa = PBXGroup;
			children = (
				E3C5789044F17B38C415DB2D /* Pods_Movies.framework */,
				55B6D71EA97AE3DBE0942723 /* Pods_Movies_MoviesUITests.framework */,
				7A2C16152DD786B02B6026E7 /* Pods_MoviesTests.framework */,
			);
			name = Frameworks;
			sourceTree = "<group>";
		};
		D16A189A27BF63FE00CAD657 = {
			isa = PBXGroup;
			children = (
				D16A18A527BF63FE00CAD657 /* Movies */,
				D16A18BC27BF640100CAD657 /* MoviesTests */,
				D16A18C627BF640200CAD657 /* MoviesUITests */,
				D16A18A427BF63FE00CAD657 /* Products */,
				ED46664468742303D2BFABF0 /* Pods */,
				CE209164318C767F8FBC5566 /* Frameworks */,
			);
			sourceTree = "<group>";
		};
		D16A18A427BF63FE00CAD657 /* Products */ = {
			isa = PBXGroup;
			children = (
				D16A18A327BF63FE00CAD657 /* Movies.app */,
				D16A18B927BF640100CAD657 /* MoviesTests.xctest */,
				D16A18C327BF640100CAD657 /* MoviesUITests.xctest */,
			);
			name = Products;
			sourceTree = "<group>";
		};
		D16A18A527BF63FE00CAD657 /* Movies */ = {
			isa = PBXGroup;
			children = (
				D16A18A627BF63FE00CAD657 /* AppDelegate.swift */,
				D16A18A827BF63FE00CAD657 /* SceneDelegate.swift */,
				D16A18AA27BF63FE00CAD657 /* MoviesViewController.swift */,
				D16A18AC27BF63FE00CAD657 /* Main.storyboard */,
				D16A18DF27BF7D9600CAD657 /* MoviesDetailsViewController.swift */,
				D16A18DA27BF731000CAD657 /* MovieCell.swift */,
				D16A18AF27BF640100CAD657 /* Assets.xcassets */,
				D16A18B127BF640100CAD657 /* LaunchScreen.storyboard */,
				D16A18B427BF640100CAD657 /* Info.plist */,
			);
			path = Movies;
			sourceTree = "<group>";
		};
		D16A18BC27BF640100CAD657 /* MoviesTests */ = {
			isa = PBXGroup;
			children = (
				D16A18BD27BF640100CAD657 /* MoviesTests.swift */,
			);
			path = MoviesTests;
			sourceTree = "<group>";
		};
		D16A18C627BF640200CAD657 /* MoviesUITests */ = {
			isa = PBXGroup;
			children = (
				D16A18C727BF640200CAD657 /* MoviesUITests.swift */,
				D16A18C927BF640200CAD657 /* MoviesUITestsLaunchTests.swift */,
			);
			path = MoviesUITests;
			sourceTree = "<group>";
		};
		ED46664468742303D2BFABF0 /* Pods */ = {
			isa = PBXGroup;
			children = (
				2F9CF4BD856D306416B05969 /* Pods-Movies.debug.xcconfig */,
				6C7A5325D3C593D5196D8B3E /* Pods-Movies.release.xcconfig */,
				B6EBED5BE313A41E988BEEFB /* Pods-Movies-MoviesUITests.debug.xcconfig */,
				7088C414C81EA6C079934D26 /* Pods-Movies-MoviesUITests.release.xcconfig */,
				60EC41478D2C7E85EE19D0E8 /* Pods-MoviesTests.debug.xcconfig */,
				61883AE5A241923DCBC6E8F0 /* Pods-MoviesTests.release.xcconfig */,
			);
			path = Pods;
			sourceTree = "<group>";
		};
/* End PBXGroup section */

/* Begin PBXNativeTarget section */
		D16A18A227BF63FE00CAD657 /* Movies */ = {
			isa = PBXNativeTarget;
			buildConfigurationList = D16A18CD27BF640200CAD657 /* Build configuration list for PBXNativeTarget "Movies" */;
			buildPhases = (
				A5AA62DA4382C2629C72995F /* [CP] Check Pods Manifest.lock */,
				D16A189F27BF63FE00CAD657 /* Sources */,
				D16A18A027BF63FE00CAD657 /* Frameworks */,
				D16A18A127BF63FE00CAD657 /* Resources */,
				0255CDFED4921BA6A71FBFC6 /* [CP] Embed Pods Frameworks */,
			);
			buildRules = (
			);
			dependencies = (
			);
			name = Movies;
			packageProductDependencies = (
				D16A18DD27BF775800CAD657 /* AlamofireImage */,
			);
			productName = Movies;
			productReference = D16A18A327BF63FE00CAD657 /* Movies.app */;
			productType = "com.apple.product-type.application";
		};
		D16A18B827BF640100CAD657 /* MoviesTests */ = {
			isa = PBXNativeTarget;
			buildConfigurationList = D16A18D027BF640200CAD657 /* Build configuration list for PBXNativeTarget "MoviesTests" */;
			buildPhases = (
				A6CD3857400CB0C5ABA96532 /* [CP] Check Pods Manifest.lock */,
				D16A18B527BF640100CAD657 /* Sources */,
				D16A18B627BF640100CAD657 /* Frameworks */,
				D16A18B727BF640100CAD657 /* Resources */,
			);
			buildRules = (
			);
			dependencies = (
				D16A18BB27BF640100CAD657 /* PBXTargetDependency */,
			);
			name = MoviesTests;
			productName = MoviesTests;
			productReference = D16A18B927BF640100CAD657 /* MoviesTests.xctest */;
			productType = "com.apple.product-type.bundle.unit-test";
		};
		D16A18C227BF640100CAD657 /* MoviesUITests */ = {
			isa = PBXNativeTarget;
			buildConfigurationList = D16A18D327BF640200CAD657 /* Build configuration list for PBXNativeTarget "MoviesUITests" */;
			buildPhases = (
				26297E5F8FA2A0DDEC94D511 /* [CP] Check Pods Manifest.lock */,
				D16A18BF27BF640100CAD657 /* Sources */,
				D16A18C027BF640100CAD657 /* Frameworks */,
				D16A18C127BF640100CAD657 /* Resources */,
				9A125C8839894B18071867C4 /* [CP] Embed Pods Frameworks */,
			);
			buildRules = (
			);
			dependencies = (
				D16A18C527BF640100CAD657 /* PBXTargetDependency */,
			);
			name = MoviesUITests;
			productName = MoviesUITests;
			productReference = D16A18C327BF640100CAD657 /* MoviesUITests.xctest */;
			productType = "com.apple.product-type.bundle.ui-testing";
		};
/* End PBXNativeTarget section */

/* Begin PBXProject section */
		D16A189B27BF63FE00CAD657 /* Project object */ = {
			isa = PBXProject;
			attributes = {
				BuildIndependentTargetsInParallel = 1;
				LastSwiftUpdateCheck = 1320;
				LastUpgradeCheck = 1320;
				TargetAttributes = {
					D16A18A227BF63FE00CAD657 = {
						CreatedOnToolsVersion = 13.2.1;
					};
					D16A18B827BF640100CAD657 = {
						CreatedOnToolsVersion = 13.2.1;
						TestTargetID = D16A18A227BF63FE00CAD657;
					};
					D16A18C227BF640100CAD657 = {
						CreatedOnToolsVersion = 13.2.1;
						TestTargetID = D16A18A227BF63FE00CAD657;
					};
				};
			};
			buildConfigurationList = D16A189E27BF63FE00CAD657 /* Build configuration list for PBXProject "Movies" */;
			compatibilityVersion = "Xcode 13.0";
			developmentRegion = en;
			hasScannedForEncodings = 0;
			knownRegions = (
				en,
				Base,
			);
			mainGroup = D16A189A27BF63FE00CAD657;
			packageReferences = (
				D16A18DC27BF775800CAD657 /* XCRemoteSwiftPackageReference "AlamofireImage" */,
			);
			productRefGroup = D16A18A427BF63FE00CAD657 /* Products */;
			projectDirPath = "";
			projectRoot = "";
			targets = (
				D16A18A227BF63FE00CAD657 /* Movies */,
				D16A18B827BF640100CAD657 /* MoviesTests */,
				D16A18C227BF640100CAD657 /* MoviesUITests */,
			);
		};
/* End PBXProject section */

/* Begin PBXResourcesBuildPhase section */
		D16A18A127BF63FE00CAD657 /* Resources */ = {
			isa = PBXResourcesBuildPhase;
			buildActionMask = 2147483647;
			files = (
				D16A18B327BF640100CAD657 /* LaunchScreen.storyboard in Resources */,
				D16A18B027BF640100CAD657 /* Assets.xcassets in Resources */,
				D16A18AE27BF63FE00CAD657 /* Main.storyboard in Resources */,
			);
			runOnlyForDeploymentPostprocessing = 0;
		};
		D16A18B727BF640100CAD657 /* Resources */ = {
			isa = PBXResourcesBuildPhase;
			buildActionMask = 2147483647;
			files = (
			);
			runOnlyForDeploymentPostprocessing = 0;
		};
		D16A18C127BF640100CAD657 /* Resources */ = {
			isa = PBXResourcesBuildPhase;
			buildActionMask = 2147483647;
			files = (
			);
			runOnlyForDeploymentPostprocessing = 0;
		};
/* End PBXResourcesBuildPhase section */

/* Begin PBXShellScriptBuildPhase section */
		0255CDFED4921BA6A71FBFC6 /* [CP] Embed Pods Frameworks */ = {
			isa = PBXShellScriptBuildPhase;
			buildActionMask = 2147483647;
			files = (
			);
			inputFileListPaths = (
				"${PODS_ROOT}/Target Support Files/Pods-Movies/Pods-Movies-frameworks-${CONFIGURATION}-input-files.xcfilelist",
			);
			name = "[CP] Embed Pods Frameworks";
			outputFileListPaths = (
				"${PODS_ROOT}/Target Support Files/Pods-Movies/Pods-Movies-frameworks-${CONFIGURATION}-output-files.xcfilelist",
			);
			runOnlyForDeploymentPostprocessing = 0;
			shellPath = /bin/sh;
			shellScript = "\"${PODS_ROOT}/Target Support Files/Pods-Movies/Pods-Movies-frameworks.sh\"\n";
			showEnvVarsInLog = 0;
		};
		26297E5F8FA2A0DDEC94D511 /* [CP] Check Pods Manifest.lock */ = {
			isa = PBXShellScriptBuildPhase;
			buildActionMask = 2147483647;
			files = (
			);
			inputFileListPaths = (
			);
			inputPaths = (
				"${PODS_PODFILE_DIR_PATH}/Podfile.lock",
				"${PODS_ROOT}/Manifest.lock",
			);
			name = "[CP] Check Pods Manifest.lock";
			outputFileListPaths = (
			);
			outputPaths = (
				"$(DERIVED_FILE_DIR)/Pods-Movies-MoviesUITests-checkManifestLockResult.txt",
			);
			runOnlyForDeploymentPostprocessing = 0;
			shellPath = /bin/sh;
			shellScript = "diff \"${PODS_PODFILE_DIR_PATH}/Podfile.lock\" \"${PODS_ROOT}/Manifest.lock\" > /dev/null\nif [ $? != 0 ] ; then\n    # print error to STDERR\n    echo \"error: The sandbox is not in sync with the Podfile.lock. Run 'pod install' or update your CocoaPods installation.\" >&2\n    exit 1\nfi\n# This output is used by Xcode 'outputs' to avoid re-running this script phase.\necho \"SUCCESS\" > \"${SCRIPT_OUTPUT_FILE_0}\"\n";
			showEnvVarsInLog = 0;
		};
		9A125C8839894B18071867C4 /* [CP] Embed Pods Frameworks */ = {
			isa = PBXShellScriptBuildPhase;
			buildActionMask = 2147483647;
			files = (
			);
			inputFileListPaths = (
				"${PODS_ROOT}/Target Support Files/Pods-Movies-MoviesUITests/Pods-Movies-MoviesUITests-frameworks-${CONFIGURATION}-input-files.xcfilelist",
			);
			name = "[CP] Embed Pods Frameworks";
			outputFileListPaths = (
				"${PODS_ROOT}/Target Support Files/Pods-Movies-MoviesUITests/Pods-Movies-MoviesUITests-frameworks-${CONFIGURATION}-output-files.xcfilelist",
			);
			runOnlyForDeploymentPostprocessing = 0;
			shellPath = /bin/sh;
			shellScript = "\"${PODS_ROOT}/Target Support Files/Pods-Movies-MoviesUITests/Pods-Movies-MoviesUITests-frameworks.sh\"\n";
			showEnvVarsInLog = 0;
		};
		A5AA62DA4382C2629C72995F /* [CP] Check Pods Manifest.lock */ = {
			isa = PBXShellScriptBuildPhase;
			buildActionMask = 2147483647;
			files = (
			);
			inputFileListPaths = (
			);
			inputPaths = (
				"${PODS_PODFILE_DIR_PATH}/Podfile.lock",
				"${PODS_ROOT}/Manifest.lock",
			);
			name = "[CP] Check Pods Manifest.lock";
			outputFileListPaths = (
			);
			outputPaths = (
				"$(DERIVED_FILE_DIR)/Pods-Movies-checkManifestLockResult.txt",
			);
			runOnlyForDeploymentPostprocessing = 0;
			shellPath = /bin/sh;
			shellScript = "diff \"${PODS_PODFILE_DIR_PATH}/Podfile.lock\" \"${PODS_ROOT}/Manifest.lock\" > /dev/null\nif [ $? != 0 ] ; then\n    # print error to STDERR\n    echo \"error: The sandbox is not in sync with the Podfile.lock. Run 'pod install' or update your CocoaPods installation.\" >&2\n    exit 1\nfi\n# This output is used by Xcode 'outputs' to avoid re-running this script phase.\necho \"SUCCESS\" > \"${SCRIPT_OUTPUT_FILE_0}\"\n";
			showEnvVarsInLog = 0;
		};
		A6CD3857400CB0C5ABA96532 /* [CP] Check Pods Manifest.lock */ = {
			isa = PBXShellScriptBuildPhase;
			buildActionMask = 2147483647;
			files = (
			);
			inputFileListPaths = (
			);
			inputPaths = (
				"${PODS_PODFILE_DIR_PATH}/Podfile.lock",
				"${PODS_ROOT}/Manifest.lock",
			);
			name = "[CP] Check Pods Manifest.lock";
			outputFileListPaths = (
			);
			outputPaths = (
				"$(DERIVED_FILE_DIR)/Pods-MoviesTests-checkManifestLockResult.txt",
			);
			runOnlyForDeploymentPostprocessing = 0;
			shellPath = /bin/sh;
			shellScript = "diff \"${PODS_PODFILE_DIR_PATH}/Podfile.lock\" \"${PODS_ROOT}/Manifest.lock\" > /dev/null\nif [ $? != 0 ] ; then\n    # print error to STDERR\n    echo \"error: The sandbox is not in sync with the Podfile.lock. Run 'pod install' or update your CocoaPods installation.\" >&2\n    exit 1\nfi\n# This output is used by Xcode 'outputs' to avoid re-running this script phase.\necho \"SUCCESS\" > \"${SCRIPT_OUTPUT_FILE_0}\"\n";
			showEnvVarsInLog = 0;
		};
/* End PBXShellScriptBuildPhase section */

/* Begin PBXSourcesBuildPhase section */
		D16A189F27BF63FE00CAD657 /* Sources */ = {
			isa = PBXSourcesBuildPhase;
			buildActionMask = 2147483647;
			files = (
				D16A18AB27BF63FE00CAD657 /* MoviesViewController.swift in Sources */,
				D16A18A727BF63FE00CAD657 /* AppDelegate.swift in Sources */,
				D16A18DB27BF731000CAD657 /* MovieCell.swift in Sources */,
				D16A18E027BF7D9600CAD657 /* MoviesDetailsViewController.swift in Sources */,
				D16A18A927BF63FE00CAD657 /* SceneDelegate.swift in Sources */,
			);
			runOnlyForDeploymentPostprocessing = 0;
		};
		D16A18B527BF640100CAD657 /* Sources */ = {
			isa = PBXSourcesBuildPhase;
			buildActionMask = 2147483647;
			files = (
				D16A18BE27BF640100CAD657 /* MoviesTests.swift in Sources */,
			);
			runOnlyForDeploymentPostprocessing = 0;
		};
		D16A18BF27BF640100CAD657 /* Sources */ = {
			isa = PBXSourcesBuildPhase;
			buildActionMask = 2147483647;
			files = (
				D16A18C827BF640200CAD657 /* MoviesUITests.swift in Sources */,
				D16A18CA27BF640200CAD657 /* MoviesUITestsLaunchTests.swift in Sources */,
			);
			runOnlyForDeploymentPostprocessing = 0;
		};
/* End PBXSourcesBuildPhase section */

/* Begin PBXTargetDependency section */
		D16A18BB27BF640100CAD657 /* PBXTargetDependency */ = {
			isa = PBXTargetDependency;
			target = D16A18A227BF63FE00CAD657 /* Movies */;
			targetProxy = D16A18BA27BF640100CAD657 /* PBXContainerItemProxy */;
		};
		D16A18C527BF640100CAD657 /* PBXTargetDependency */ = {
			isa = PBXTargetDependency;
			target = D16A18A227BF63FE00CAD657 /* Movies */;
			targetProxy = D16A18C427BF640100CAD657 /* PBXContainerItemProxy */;
		};
/* End PBXTargetDependency section */

/* Begin PBXVariantGroup section */
		D16A18AC27BF63FE00CAD657 /* Main.storyboard */ = {
			isa = PBXVariantGroup;
			children = (
				D16A18AD27BF63FE00CAD657 /* Base */,
			);
			name = Main.storyboard;
			sourceTree = "<group>";
		};
		D16A18B127BF640100CAD657 /* LaunchScreen.storyboard */ = {
			isa = PBXVariantGroup;
			children = (
				D16A18B227BF640100CAD657 /* Base */,
			);
			name = LaunchScreen.storyboard;
			sourceTree = "<group>";
		};
/* End PBXVariantGroup section */

/* Begin XCBuildConfiguration section */
		D16A18CB27BF640200CAD657 /* Debug */ = {
			isa = XCBuildConfiguration;
			buildSettings = {
				ALWAYS_SEARCH_USER_PATHS = NO;
				CLANG_ANALYZER_NONNULL = YES;
				CLANG_ANALYZER_NUMBER_OBJECT_CONVERSION = YES_AGGRESSIVE;
				CLANG_CXX_LANGUAGE_STANDARD = "gnu++17";
				CLANG_CXX_LIBRARY = "libc++";
				CLANG_ENABLE_MODULES = YES;
				CLANG_ENABLE_OBJC_ARC = YES;
				CLANG_ENABLE_OBJC_WEAK = YES;
				CLANG_WARN_BLOCK_CAPTURE_AUTORELEASING = YES;
				CLANG_WARN_BOOL_CONVERSION = YES;
				CLANG_WARN_COMMA = YES;
				CLANG_WARN_CONSTANT_CONVERSION = YES;
				CLANG_WARN_DEPRECATED_OBJC_IMPLEMENTATIONS = YES;
				CLANG_WARN_DIRECT_OBJC_ISA_USAGE = YES_ERROR;
				CLANG_WARN_DOCUMENTATION_COMMENTS = YES;
				CLANG_WARN_EMPTY_BODY = YES;
				CLANG_WARN_ENUM_CONVERSION = YES;
				CLANG_WARN_INFINITE_RECURSION = YES;
				CLANG_WARN_INT_CONVERSION = YES;
				CLANG_WARN_NON_LITERAL_NULL_CONVERSION = YES;
				CLANG_WARN_OBJC_IMPLICIT_RETAIN_SELF = YES;
				CLANG_WARN_OBJC_LITERAL_CONVERSION = YES;
				CLANG_WARN_OBJC_ROOT_CLASS = YES_ERROR;
				CLANG_WARN_QUOTED_INCLUDE_IN_FRAMEWORK_HEADER = YES;
				CLANG_WARN_RANGE_LOOP_ANALYSIS = YES;
				CLANG_WARN_STRICT_PROTOTYPES = YES;
				CLANG_WARN_SUSPICIOUS_MOVE = YES;
				CLANG_WARN_UNGUARDED_AVAILABILITY = YES_AGGRESSIVE;
				CLANG_WARN_UNREACHABLE_CODE = YES;
				CLANG_WARN__DUPLICATE_METHOD_MATCH = YES;
				COPY_PHASE_STRIP = NO;
				DEBUG_INFORMATION_FORMAT = dwarf;
				ENABLE_STRICT_OBJC_MSGSEND = YES;
				ENABLE_TESTABILITY = YES;
				GCC_C_LANGUAGE_STANDARD = gnu11;
				GCC_DYNAMIC_NO_PIC = NO;
				GCC_NO_COMMON_BLOCKS = YES;
				GCC_OPTIMIZATION_LEVEL = 0;
				GCC_PREPROCESSOR_DEFINITIONS = (
					"DEBUG=1",
					"$(inherited)",
				);
				GCC_WARN_64_TO_32_BIT_CONVERSION = YES;
				GCC_WARN_ABOUT_RETURN_TYPE = YES_ERROR;
				GCC_WARN_UNDECLARED_SELECTOR = YES;
				GCC_WARN_UNINITIALIZED_AUTOS = YES_AGGRESSIVE;
				GCC_WARN_UNUSED_FUNCTION = YES;
				GCC_WARN_UNUSED_VARIABLE = YES;
				IPHONEOS_DEPLOYMENT_TARGET = 15.2;
				MTL_ENABLE_DEBUG_INFO = INCLUDE_SOURCE;
				MTL_FAST_MATH = YES;
				ONLY_ACTIVE_ARCH = YES;
				SDKROOT = iphoneos;
				SWIFT_ACTIVE_COMPILATION_CONDITIONS = DEBUG;
				SWIFT_OPTIMIZATION_LEVEL = "-Onone";
			};
			name = Debug;
		};
		D16A18CC27BF640200CAD657 /* Release */ = {
			isa = XCBuildConfiguration;
			buildSettings = {
				ALWAYS_SEARCH_USER_PATHS = NO;
				CLANG_ANALYZER_NONNULL = YES;
				CLANG_ANALYZER_NUMBER_OBJECT_CONVERSION = YES_AGGRESSIVE;
				CLANG_CXX_LANGUAGE_STANDARD = "gnu++17";
				CLANG_CXX_LIBRARY = "libc++";
				CLANG_ENABLE_MODULES = YES;
				CLANG_ENABLE_OBJC_ARC = YES;
				CLANG_ENABLE_OBJC_WEAK = YES;
				CLANG_WARN_BLOCK_CAPTURE_AUTORELEASING = YES;
				CLANG_WARN_BOOL_CONVERSION = YES;
				CLANG_WARN_COMMA = YES;
				CLANG_WARN_CONSTANT_CONVERSION = YES;
				CLANG_WARN_DEPRECATED_OBJC_IMPLEMENTATIONS = YES;
				CLANG_WARN_DIRECT_OBJC_ISA_USAGE = YES_ERROR;
				CLANG_WARN_DOCUMENTATION_COMMENTS = YES;
				CLANG_WARN_EMPTY_BODY = YES;
				CLANG_WARN_ENUM_CONVERSION = YES;
				CLANG_WARN_INFINITE_RECURSION = YES;
				CLANG_WARN_INT_CONVERSION = YES;
				CLANG_WARN_NON_LITERAL_NULL_CONVERSION = YES;
				CLANG_WARN_OBJC_IMPLICIT_RETAIN_SELF = YES;
				CLANG_WARN_OBJC_LITERAL_CONVERSION = YES;
				CLANG_WARN_OBJC_ROOT_CLASS = YES_ERROR;
				CLANG_WARN_QUOTED_INCLUDE_IN_FRAMEWORK_HEADER = YES;
				CLANG_WARN_RANGE_LOOP_ANALYSIS = YES;
				CLANG_WARN_STRICT_PROTOTYPES = YES;
				CLANG_WARN_SUSPICIOUS_MOVE = YES;
				CLANG_WARN_UNGUARDED_AVAILABILITY = YES_AGGRESSIVE;
				CLANG_WARN_UNREACHABLE_CODE = YES;
				CLANG_WARN__DUPLICATE_METHOD_MATCH = YES;
				COPY_PHASE_STRIP = NO;
				DEBUG_INFORMATION_FORMAT = "dwarf-with-dsym";
				ENABLE_NS_ASSERTIONS = NO;
				ENABLE_STRICT_OBJC_MSGSEND = YES;
				GCC_C_LANGUAGE_STANDARD = gnu11;
				GCC_NO_COMMON_BLOCKS = YES;
				GCC_WARN_64_TO_32_BIT_CONVERSION = YES;
				GCC_WARN_ABOUT_RETURN_TYPE = YES_ERROR;
				GCC_WARN_UNDECLARED_SELECTOR = YES;
				GCC_WARN_UNINITIALIZED_AUTOS = YES_AGGRESSIVE;
				GCC_WARN_UNUSED_FUNCTION = YES;
				GCC_WARN_UNUSED_VARIABLE = YES;
				IPHONEOS_DEPLOYMENT_TARGET = 15.2;
				MTL_ENABLE_DEBUG_INFO = NO;
				MTL_FAST_MATH = YES;
				SDKROOT = iphoneos;
				SWIFT_COMPILATION_MODE = wholemodule;
				SWIFT_OPTIMIZATION_LEVEL = "-O";
				VALIDATE_PRODUCT = YES;
			};
			name = Release;
		};
		D16A18CE27BF640200CAD657 /* Debug */ = {
			isa = XCBuildConfiguration;
			baseConfigurationReference = 2F9CF4BD856D306416B05969 /* Pods-Movies.debug.xcconfig */;
			buildSettings = {
				ASSETCATALOG_COMPILER_APPICON_NAME = AppIcon;
				ASSETCATALOG_COMPILER_GLOBAL_ACCENT_COLOR_NAME = AccentColor;
				CODE_SIGN_STYLE = Automatic;
				CURRENT_PROJECT_VERSION = 1;
				GENERATE_INFOPLIST_FILE = YES;
				INFOPLIST_FILE = Movies/Info.plist;
				INFOPLIST_KEY_UIApplicationSupportsIndirectInputEvents = YES;
				INFOPLIST_KEY_UILaunchStoryboardName = LaunchScreen;
				INFOPLIST_KEY_UIMainStoryboardFile = Main;
				INFOPLIST_KEY_UISupportedInterfaceOrientations_iPad = "UIInterfaceOrientationPortrait UIInterfaceOrientationPortraitUpsideDown UIInterfaceOrientationLandscapeLeft UIInterfaceOrientationLandscapeRight";
				INFOPLIST_KEY_UISupportedInterfaceOrientations_iPhone = "UIInterfaceOrientationPortrait UIInterfaceOrientationLandscapeLeft UIInterfaceOrientationLandscapeRight";
				LD_RUNPATH_SEARCH_PATHS = (
					"$(inherited)",
					"@executable_path/Frameworks",
				);
				MARKETING_VERSION = 1.0;
				PRODUCT_BUNDLE_IDENTIFIER = e.Movies;
				PRODUCT_NAME = "$(TARGET_NAME)";
				SWIFT_EMIT_LOC_STRINGS = YES;
				SWIFT_VERSION = 5.0;
				TARGETED_DEVICE_FAMILY = "1,2";
			};
			name = Debug;
		};
		D16A18CF27BF640200CAD657 /* Release */ = {
			isa = XCBuildConfiguration;
			baseConfigurationReference = 6C7A5325D3C593D5196D8B3E /* Pods-Movies.release.xcconfig */;
			buildSettings = {
				ASSETCATALOG_COMPILER_APPICON_NAME = AppIcon;
				ASSETCATALOG_COMPILER_GLOBAL_ACCENT_COLOR_NAME = AccentColor;
				CODE_SIGN_STYLE = Automatic;
				CURRENT_PROJECT_VERSION = 1;
				GENERATE_INFOPLIST_FILE = YES;
				INFOPLIST_FILE = Movies/Info.plist;
				INFOPLIST_KEY_UIApplicationSupportsIndirectInputEvents = YES;
				INFOPLIST_KEY_UILaunchStoryboardName = LaunchScreen;
				INFOPLIST_KEY_UIMainStoryboardFile = Main;
				INFOPLIST_KEY_UISupportedInterfaceOrientations_iPad = "UIInterfaceOrientationPortrait UIInterfaceOrientationPortraitUpsideDown UIInterfaceOrientationLandscapeLeft UIInterfaceOrientationLandscapeRight";
				INFOPLIST_KEY_UISupportedInterfaceOrientations_iPhone = "UIInterfaceOrientationPortrait UIInterfaceOrientationLandscapeLeft UIInterfaceOrientationLandscapeRight";
				LD_RUNPATH_SEARCH_PATHS = (
					"$(inherited)",
					"@executable_path/Frameworks",
				);
				MARKETING_VERSION = 1.0;
				PRODUCT_BUNDLE_IDENTIFIER = e.Movies;
				PRODUCT_NAME = "$(TARGET_NAME)";
				SWIFT_EMIT_LOC_STRINGS = YES;
				SWIFT_VERSION = 5.0;
				TARGETED_DEVICE_FAMILY = "1,2";
			};
			name = Release;
		};
		D16A18D127BF640200CAD657 /* Debug */ = {
			isa = XCBuildConfiguration;
			baseConfigurationReference = 60EC41478D2C7E85EE19D0E8 /* Pods-MoviesTests.debug.xcconfig */;
			buildSettings = {
				ALWAYS_EMBED_SWIFT_STANDARD_LIBRARIES = YES;
				BUNDLE_LOADER = "$(TEST_HOST)";
				CODE_SIGN_STYLE = Automatic;
				CURRENT_PROJECT_VERSION = 1;
				GENERATE_INFOPLIST_FILE = YES;
				IPHONEOS_DEPLOYMENT_TARGET = 15.2;
				MARKETING_VERSION = 1.0;
				PRODUCT_BUNDLE_IDENTIFIER = e.MoviesTests;
				PRODUCT_NAME = "$(TARGET_NAME)";
				SWIFT_EMIT_LOC_STRINGS = NO;
				SWIFT_VERSION = 5.0;
				TARGETED_DEVICE_FAMILY = "1,2";
				TEST_HOST = "$(BUILT_PRODUCTS_DIR)/Movies.app/Movies";
			};
			name = Debug;
		};
		D16A18D227BF640200CAD657 /* Release */ = {
			isa = XCBuildConfiguration;
			baseConfigurationReference = 61883AE5A241923DCBC6E8F0 /* Pods-MoviesTests.release.xcconfig */;
			buildSettings = {
				ALWAYS_EMBED_SWIFT_STANDARD_LIBRARIES = YES;
				BUNDLE_LOADER = "$(TEST_HOST)";
				CODE_SIGN_STYLE = Automatic;
				CURRENT_PROJECT_VERSION = 1;
				GENERATE_INFOPLIST_FILE = YES;
				IPHONEOS_DEPLOYMENT_TARGET = 15.2;
				MARKETING_VERSION = 1.0;
				PRODUCT_BUNDLE_IDENTIFIER = e.MoviesTests;
				PRODUCT_NAME = "$(TARGET_NAME)";
				SWIFT_EMIT_LOC_STRINGS = NO;
				SWIFT_VERSION = 5.0;
				TARGETED_DEVICE_FAMILY = "1,2";
				TEST_HOST = "$(BUILT_PRODUCTS_DIR)/Movies.app/Movies";
			};
			name = Release;
		};
		D16A18D427BF640200CAD657 /* Debug */ = {
			isa = XCBuildConfiguration;
			baseConfigurationReference = B6EBED5BE313A41E988BEEFB /* Pods-Movies-MoviesUITests.debug.xcconfig */;
			buildSettings = {
				ALWAYS_EMBED_SWIFT_STANDARD_LIBRARIES = YES;
				CODE_SIGN_STYLE = Automatic;
				CURRENT_PROJECT_VERSION = 1;
				GENERATE_INFOPLIST_FILE = YES;
				MARKETING_VERSION = 1.0;
				PRODUCT_BUNDLE_IDENTIFIER = e.MoviesUITests;
				PRODUCT_NAME = "$(TARGET_NAME)";
				SWIFT_EMIT_LOC_STRINGS = NO;
				SWIFT_VERSION = 5.0;
				TARGETED_DEVICE_FAMILY = "1,2";
				TEST_TARGET_NAME = Movies;
			};
			name = Debug;
		};
		D16A18D527BF640200CAD657 /* Release */ = {
			isa = XCBuildConfiguration;
			baseConfigurationReference = 7088C414C81EA6C079934D26 /* Pods-Movies-MoviesUITests.release.xcconfig */;
			buildSettings = {
				ALWAYS_EMBED_SWIFT_STANDARD_LIBRARIES = YES;
				CODE_SIGN_STYLE = Automatic;
				CURRENT_PROJECT_VERSION = 1;
				GENERATE_INFOPLIST_FILE = YES;
				MARKETING_VERSION = 1.0;
				PRODUCT_BUNDLE_IDENTIFIER = e.MoviesUITests;
				PRODUCT_NAME = "$(TARGET_NAME)";
				SWIFT_EMIT_LOC_STRINGS = NO;
				SWIFT_VERSION = 5.0;
				TARGETED_DEVICE_FAMILY = "1,2";
				TEST_TARGET_NAME = Movies;
			};
			name = Release;
		};
/* End XCBuildConfiguration section */

/* Begin XCConfigurationList section */
		D16A189E27BF63FE00CAD657 /* Build configuration list for PBXProject "Movies" */ = {
			isa = XCConfigurationList;
			buildConfigurations = (
				D16A18CB27BF640200CAD657 /* Debug */,
				D16A18CC27BF640200CAD657 /* Release */,
			);
			defaultConfigurationIsVisible = 0;
			defaultConfigurationName = Release;
		};
		D16A18CD27BF640200CAD657 /* Build configuration list for PBXNativeTarget "Movies" */ = {
			isa = XCConfigurationList;
			buildConfigurations = (
				D16A18CE27BF640200CAD657 /* Debug */,
				D16A18CF27BF640200CAD657 /* Release */,
			);
			defaultConfigurationIsVisible = 0;
			defaultConfigurationName = Release;
		};
		D16A18D027BF640200CAD657 /* Build configuration list for PBXNativeTarget "MoviesTests" */ = {
			isa = XCConfigurationList;
			buildConfigurations = (
				D16A18D127BF640200CAD657 /* Debug */,
				D16A18D227BF640200CAD657 /* Release */,
			);
			defaultConfigurationIsVisible = 0;
			defaultConfigurationName = Release;
		};
		D16A18D327BF640200CAD657 /* Build configuration list for PBXNativeTarget "MoviesUITests" */ = {
			isa = XCConfigurationList;
			buildConfigurations = (
				D16A18D427BF640200CAD657 /* Debug */,
				D16A18D527BF640200CAD657 /* Release */,
			);
			defaultConfigurationIsVisible = 0;
			defaultConfigurationName = Release;
		};
/* End XCConfigurationList section */

/* Begin XCRemoteSwiftPackageReference section */
		D16A18DC27BF775800CAD657 /* XCRemoteSwiftPackageReference "AlamofireImage" */ = {
			isa = XCRemoteSwiftPackageReference;
			repositoryURL = "https://github.com/Alamofire/AlamofireImage";
			requirement = {
				branch = master;
				kind = branch;
			};
		};
/* End XCRemoteSwiftPackageReference section */

/* Begin XCSwiftPackageProductDependency section */
		D16A18DD27BF775800CAD657 /* AlamofireImage */ = {
			isa = XCSwiftPackageProductDependency;
			package = D16A18DC27BF775800CAD657 /* XCRemoteSwiftPackageReference "AlamofireImage" */;
			productName = AlamofireImage;
		};
/* End XCSwiftPackageProductDependency section */
	};
	rootObject = D16A189B27BF63FE00CAD657 /* Project object */;
}
